Microsoft Visual Studio Solution File, Format Version 12.00
# Visual Studio Version 17
VisualStudioVersion = 17.5.2.0
MinimumVisualStudioVersion = 10.0.40219.1
Project("{FAE04EC0-301F-11D3-BF4B-00C04F79EFBC}") = "projectef", "projectef.csproj", "{45BDAC59-4C4C-795A-3468-FBE03D708A14}"
EndProject
Global
	GlobalSection(SolutionConfigurationPlatforms) = preSolution
		Debug|Any CPU = Debug|Any CPU
		Release|Any CPU = Release|Any CPU
	EndGlobalSection
	GlobalSection(ProjectConfigurationPlatforms) = postSolution
		{45BDAC59-4C4C-795A-3468-FBE03D708A14}.Debug|Any CPU.ActiveCfg = Debug|Any CPU
		{45BDAC59-4C4C-795A-3468-FBE03D708A14}.Debug|Any CPU.Build.0 = Debug|Any CPU
		{45BDAC59-4C4C-795A-3468-FBE03D708A14}.Release|Any CPU.ActiveCfg = Release|Any CPU
		{45BDAC59-4C4C-795A-3468-FBE03D708A14}.Release|Any CPU.Build.0 = Release|Any CPU
	EndGlobalSection
	GlobalSection(SolutionProperties) = preSolution
		HideSolutionNode = FALSE
	EndGlobalSection
	GlobalSection(ExtensibilityGlobals) = postSolution
		SolutionGuid = {479A466A-1468-461F-B6FE-E40698DABF57}
	EndGlobalSection
EndGlobal
